
Microsoft Visual Studio Solution File, Format Version 12.00
# Visual Studio Version 17
VisualStudioVersion = 17.7.34202.233
MinimumVisualStudioVersion = 10.0.40219.1
Project("{FAE04EC0-301F-11D3-BF4B-00C04F79EFBC}") = "Varga_Sebastian_Lab2", "Varga_Sebastian_Lab2.csproj", "{F36EA375-3BD6-406F-A279-C05D0D4F06C0}"
EndProject
Global
	GlobalSection(SolutionConfigurationPlatforms) = preSolution
		Debug|Any CPU = Debug|Any CPU
		Release|Any CPU = Release|Any CPU
	EndGlobalSection
	GlobalSection(ProjectConfigurationPlatforms) = postSolution
		{F36EA375-3BD6-406F-A279-C05D0D4F06C0}.Debug|Any CPU.ActiveCfg = Debug|Any CPU
		{F36EA375-3BD6-406F-A279-C05D0D4F06C0}.Debug|Any CPU.Build.0 = Debug|Any CPU
		{F36EA375-3BD6-406F-A279-C05D0D4F06C0}.Release|Any CPU.ActiveCfg = Release|Any CPU
		{F36EA375-3BD6-406F-A279-C05D0D4F06C0}.Release|Any CPU.Build.0 = Release|Any CPU
	EndGlobalSection
	GlobalSection(SolutionProperties) = preSolution
		HideSolutionNode = FALSE
	EndGlobalSection
	GlobalSection(ExtensibilityGlobals) = postSolution
		SolutionGuid = {295E5ED0-86EA-4974-91AF-39AA4C38124C}
	EndGlobalSection
EndGlobal
